
Microsoft Visual Studio Solution File, Format Version 12.00
# Visual Studio Version 17
VisualStudioVersion = 17.5.002.0
MinimumVisualStudioVersion = 10.0.40219.1
Project("{9A19103F-16F7-4668-BE54-9A1E7A4F7556}") = "C# Educacion", "C# Educacion.csproj", "{1C88FE47-52CE-44B7-B494-54E44A71CD33}"
EndProject
Global
	GlobalSection(SolutionConfigurationPlatforms) = preSolution
		Debug|Any CPU = Debug|Any CPU
		Release|Any CPU = Release|Any CPU
	EndGlobalSection
	GlobalSection(ProjectConfigurationPlatforms) = postSolution
		{1C88FE47-52CE-44B7-B494-54E44A71CD33}.Debug|Any CPU.ActiveCfg = Debug|Any CPU
		{1C88FE47-52CE-44B7-B494-54E44A71CD33}.Debug|Any CPU.Build.0 = Debug|Any CPU
		{1C88FE47-52CE-44B7-B494-54E44A71CD33}.Release|Any CPU.ActiveCfg = Release|Any CPU
		{1C88FE47-52CE-44B7-B494-54E44A71CD33}.Release|Any CPU.Build.0 = Release|Any CPU
	EndGlobalSection
	GlobalSection(SolutionProperties) = preSolution
		HideSolutionNode = FALSE
	EndGlobalSection
	GlobalSection(ExtensibilityGlobals) = postSolution
		SolutionGuid = {CD6869F5-BA89-4660-ADB5-F8B6BD0A3D0C}
	EndGlobalSection
EndGlobal
